
Microsoft Visual Studio Solution File, Format Version 12.00
# Visual Studio Version 17
VisualStudioVersion = 17.0.31903.59
MinimumVisualStudioVersion = 10.0.40219.1
Project("{FAE04EC0-301F-11D3-BF4B-00C04F79EFBC}") = "AuthDemo", "AuthDemo\AuthDemo.csproj", "{94B16F44-AF32-43D5-A406-60D61320E8E8}"
EndProject
Project("{FAE04EC0-301F-11D3-BF4B-00C04F79EFBC}") = "AuthDemo.Core", "AuthDemo.Core\AuthDemo.Core.csproj", "{141F32B0-D7EC-448A-BE38-114A1E02AB79}"
EndProject
Project("{FAE04EC0-301F-11D3-BF4B-00C04F79EFBC}") = "AuthDemo.Service", "AuthDemo.Service\AuthDemo.Service.csproj", "{945EB2AB-CD4C-4FA1-91AB-F7F03BDC13DF}"
EndProject
Project("{FAE04EC0-301F-11D3-BF4B-00C04F79EFBC}") = "AuthDemo.Domain", "AuthDemo.Domain\AuthDemo.Domain.csproj", "{16076FCB-482B-49E2-ACBA-FF11456B5F58}"
EndProject
Project("{FAE04EC0-301F-11D3-BF4B-00C04F79EFBC}") = "AuthDemo.Repository", "AuthDemo.Repository\AuthDemo.Repository.csproj", "{37AB395A-AA53-48AB-9DDD-1966EE88CD8D}"
EndProject
Global
	GlobalSection(SolutionConfigurationPlatforms) = preSolution
		Debug|Any CPU = Debug|Any CPU
		Debug|x64 = Debug|x64
		Debug|x86 = Debug|x86
		Release|Any CPU = Release|Any CPU
		Release|x64 = Release|x64
		Release|x86 = Release|x86
	EndGlobalSection
	GlobalSection(ProjectConfigurationPlatforms) = postSolution
		{94B16F44-AF32-43D5-A406-60D61320E8E8}.Debug|Any CPU.ActiveCfg = Debug|Any CPU
		{94B16F44-AF32-43D5-A406-60D61320E8E8}.Debug|Any CPU.Build.0 = Debug|Any CPU
		{94B16F44-AF32-43D5-A406-60D61320E8E8}.Debug|x64.ActiveCfg = Debug|Any CPU
		{94B16F44-AF32-43D5-A406-60D61320E8E8}.Debug|x64.Build.0 = Debug|Any CPU
		{94B16F44-AF32-43D5-A406-60D61320E8E8}.Debug|x86.ActiveCfg = Debug|Any CPU
		{94B16F44-AF32-43D5-A406-60D61320E8E8}.Debug|x86.Build.0 = Debug|Any CPU
		{94B16F44-AF32-43D5-A406-60D61320E8E8}.Release|Any CPU.ActiveCfg = Release|Any CPU
		{94B16F44-AF32-43D5-A406-60D61320E8E8}.Release|Any CPU.Build.0 = Release|Any CPU
		{94B16F44-AF32-43D5-A406-60D61320E8E8}.Release|x64.ActiveCfg = Release|Any CPU
		{94B16F44-AF32-43D5-A406-60D61320E8E8}.Release|x64.Build.0 = Release|Any CPU
		{94B16F44-AF32-43D5-A406-60D61320E8E8}.Release|x86.ActiveCfg = Release|Any CPU
		{94B16F44-AF32-43D5-A406-60D61320E8E8}.Release|x86.Build.0 = Release|Any CPU
		{141F32B0-D7EC-448A-BE38-114A1E02AB79}.Debug|Any CPU.ActiveCfg = Debug|Any CPU
		{141F32B0-D7EC-448A-BE38-114A1E02AB79}.Debug|Any CPU.Build.0 = Debug|Any CPU
		{141F32B0-D7EC-448A-BE38-114A1E02AB79}.Debug|x64.ActiveCfg = Debug|Any CPU
		{141F32B0-D7EC-448A-BE38-114A1E02AB79}.Debug|x64.Build.0 = Debug|Any CPU
		{141F32B0-D7EC-448A-BE38-114A1E02AB79}.Debug|x86.ActiveCfg = Debug|Any CPU
		{141F32B0-D7EC-448A-BE38-114A1E02AB79}.Debug|x86.Build.0 = Debug|Any CPU
		{141F32B0-D7EC-448A-BE38-114A1E02AB79}.Release|Any CPU.ActiveCfg = Release|Any CPU
		{141F32B0-D7EC-448A-BE38-114A1E02AB79}.Release|Any CPU.Build.0 = Release|Any CPU
		{141F32B0-D7EC-448A-BE38-114A1E02AB79}.Release|x64.ActiveCfg = Release|Any CPU
		{141F32B0-D7EC-448A-BE38-114A1E02AB79}.Release|x64.Build.0 = Release|Any CPU
		{141F32B0-D7EC-448A-BE38-114A1E02AB79}.Release|x86.ActiveCfg = Release|Any CPU
		{141F32B0-D7EC-448A-BE38-114A1E02AB79}.Release|x86.Build.0 = Release|Any CPU
		{945EB2AB-CD4C-4FA1-91AB-F7F03BDC13DF}.Debug|Any CPU.ActiveCfg = Debug|Any CPU
		{945EB2AB-CD4C-4FA1-91AB-F7F03BDC13DF}.Debug|Any CPU.Build.0 = Debug|Any CPU
		{945EB2AB-CD4C-4FA1-91AB-F7F03BDC13DF}.Debug|x64.ActiveCfg = Debug|Any CPU
		{945EB2AB-CD4C-4FA1-91AB-F7F03BDC13DF}.Debug|x64.Build.0 = Debug|Any CPU
		{945EB2AB-CD4C-4FA1-91AB-F7F03BDC13DF}.Debug|x86.ActiveCfg = Debug|Any CPU
		{945EB2AB-CD4C-4FA1-91AB-F7F03BDC13DF}.Debug|x86.Build.0 = Debug|Any CPU
		{945EB2AB-CD4C-4FA1-91AB-F7F03BDC13DF}.Release|Any CPU.ActiveCfg = Release|Any CPU
		{945EB2AB-CD4C-4FA1-91AB-F7F03BDC13DF}.Release|Any CPU.Build.0 = Release|Any CPU
		{945EB2AB-CD4C-4FA1-91AB-F7F03BDC13DF}.Release|x64.ActiveCfg = Release|Any CPU
		{945EB2AB-CD4C-4FA1-91AB-F7F03BDC13DF}.Release|x64.Build.0 = Release|Any CPU
		{945EB2AB-CD4C-4FA1-91AB-F7F03BDC13DF}.Release|x86.ActiveCfg = Release|Any CPU
		{945EB2AB-CD4C-4FA1-91AB-F7F03BDC13DF}.Release|x86.Build.0 = Release|Any CPU
		{16076FCB-482B-49E2-ACBA-FF11456B5F58}.Debug|Any CPU.ActiveCfg = Debug|Any CPU
		{16076FCB-482B-49E2-ACBA-FF11456B5F58}.Debug|Any CPU.Build.0 = Debug|Any CPU
		{16076FCB-482B-49E2-ACBA-FF11456B5F58}.Debug|x64.ActiveCfg = Debug|Any CPU
		{16076FCB-482B-49E2-ACBA-FF11456B5F58}.Debug|x64.Build.0 = Debug|Any CPU
		{16076FCB-482B-49E2-ACBA-FF11456B5F58}.Debug|x86.ActiveCfg = Debug|Any CPU
		{16076FCB-482B-49E2-ACBA-FF11456B5F58}.Debug|x86.Build.0 = Debug|Any CPU
		{16076FCB-482B-49E2-ACBA-FF11456B5F58}.Release|Any CPU.ActiveCfg = Release|Any CPU
		{16076FCB-482B-49E2-ACBA-FF11456B5F58}.Release|Any CPU.Build.0 = Release|Any CPU
		{16076FCB-482B-49E2-ACBA-FF11456B5F58}.Release|x64.ActiveCfg = Release|Any CPU
		{16076FCB-482B-49E2-ACBA-FF11456B5F58}.Release|x64.Build.0 = Release|Any CPU
		{16076FCB-482B-49E2-ACBA-FF11456B5F58}.Release|x86.ActiveCfg = Release|Any CPU
		{16076FCB-482B-49E2-ACBA-FF11456B5F58}.Release|x86.Build.0 = Release|Any CPU
		{37AB395A-AA53-48AB-9DDD-1966EE88CD8D}.Debug|Any CPU.ActiveCfg = Debug|Any CPU
		{37AB395A-AA53-48AB-9DDD-1966EE88CD8D}.Debug|Any CPU.Build.0 = Debug|Any CPU
		{37AB395A-AA53-48AB-9DDD-1966EE88CD8D}.Debug|x64.ActiveCfg = Debug|Any CPU
		{37AB395A-AA53-48AB-9DDD-1966EE88CD8D}.Debug|x64.Build.0 = Debug|Any CPU
		{37AB395A-AA53-48AB-9DDD-1966EE88CD8D}.Debug|x86.ActiveCfg = Debug|Any CPU
		{37AB395A-AA53-48AB-9DDD-1966EE88CD8D}.Debug|x86.Build.0 = Debug|Any CPU
		{37AB395A-AA53-48AB-9DDD-1966EE88CD8D}.Release|Any CPU.ActiveCfg = Release|Any CPU
		{37AB395A-AA53-48AB-9DDD-1966EE88CD8D}.Release|Any CPU.Build.0 = Release|Any CPU
		{37AB395A-AA53-48AB-9DDD-1966EE88CD8D}.Release|x64.ActiveCfg = Release|Any CPU
		{37AB395A-AA53-48AB-9DDD-1966EE88CD8D}.Release|x64.Build.0 = Release|Any CPU
		{37AB395A-AA53-48AB-9DDD-1966EE88CD8D}.Release|x86.ActiveCfg = Release|Any CPU
		{37AB395A-AA53-48AB-9DDD-1966EE88CD8D}.Release|x86.Build.0 = Release|Any CPU
	EndGlobalSection
	GlobalSection(SolutionProperties) = preSolution
		HideSolutionNode = FALSE
	EndGlobalSection
EndGlobal
